
Microsoft Visual Studio Solution File, Format Version 12.00
# Visual Studio Version 17
VisualStudioVersion = 17.8.34330.188
MinimumVisualStudioVersion = 10.0.40219.1
Project("{FAE04EC0-301F-11D3-BF4B-00C04F79EFBC}") = "Chines auction_project", "Chines auction_project\Chines auction_project.csproj", "{AD29A44A-99C6-465F-BD40-9BA4EB694C12}"
EndProject
Global
	GlobalSection(SolutionConfigurationPlatforms) = preSolution
		Debug|Any CPU = Debug|Any CPU
		Release|Any CPU = Release|Any CPU
	EndGlobalSection
	GlobalSection(ProjectConfigurationPlatforms) = postSolution
		{AD29A44A-99C6-465F-BD40-9BA4EB694C12}.Debug|Any CPU.ActiveCfg = Debug|Any CPU
		{AD29A44A-99C6-465F-BD40-9BA4EB694C12}.Debug|Any CPU.Build.0 = Debug|Any CPU
		{AD29A44A-99C6-465F-BD40-9BA4EB694C12}.Release|Any CPU.ActiveCfg = Release|Any CPU
		{AD29A44A-99C6-465F-BD40-9BA4EB694C12}.Release|Any CPU.Build.0 = Release|Any CPU
	EndGlobalSection
	GlobalSection(SolutionProperties) = preSolution
		HideSolutionNode = FALSE
	EndGlobalSection
	GlobalSection(ExtensibilityGlobals) = postSolution
		SolutionGuid = {43A4A30D-04F7-48E7-8E8E-08BAC438D2B3}
	EndGlobalSection
EndGlobal
